
Microsoft Visual Studio Solution File, Format Version 12.00
# Visual Studio Version 16
VisualStudioVersion = 16.0.29411.108
MinimumVisualStudioVersion = 10.0.40219.1
Project("{FAE04EC0-301F-11D3-BF4B-00C04F79EFBC}") = "ProductsManagment", "ProductsManagment\ProductsManagment.csproj", "{BC335EEE-81CF-4F34-BA33-EC65E0738CEA}"
EndProject
Global
	GlobalSection(SolutionConfigurationPlatforms) = preSolution
		Debug|Any CPU = Debug|Any CPU
		Release|Any CPU = Release|Any CPU
	EndGlobalSection
	GlobalSection(ProjectConfigurationPlatforms) = postSolution
		{BC335EEE-81CF-4F34-BA33-EC65E0738CEA}.Debug|Any CPU.ActiveCfg = Debug|Any CPU
		{BC335EEE-81CF-4F34-BA33-EC65E0738CEA}.Debug|Any CPU.Build.0 = Debug|Any CPU
		{BC335EEE-81CF-4F34-BA33-EC65E0738CEA}.Release|Any CPU.ActiveCfg = Release|Any CPU
		{BC335EEE-81CF-4F34-BA33-EC65E0738CEA}.Release|Any CPU.Build.0 = Release|Any CPU
	EndGlobalSection
	GlobalSection(SolutionProperties) = preSolution
		HideSolutionNode = FALSE
	EndGlobalSection
	GlobalSection(ExtensibilityGlobals) = postSolution
		SolutionGuid = {AAF60FE5-9116-4D46-B87B-535E592AF101}
	EndGlobalSection
EndGlobal
